// !$*UTF8*$!
{
	archiveVersion = 1;
	classes = {
	};
	objectVersion = 48;
	objects = {

/* Begin PBXBuildFile section */
		14402807210EF9A5005786C8 /* AppDelegate.m in Sources */ = {isa = PBXBuildFile; fileRef = 14402806210EF9A5005786C8 /* AppDelegate.m */; };
		1440280F210EF9A5005786C8 /* Assets.xcassets in Resources */ = {isa = PBXBuildFile; fileRef = 1440280E210EF9A5005786C8 /* Assets.xcassets */; };
		14402815210EF9A5005786C8 /* main.m in Sources */ = {isa = PBXBuildFile; fileRef = 14402814210EF9A5005786C8 /* main.m */; };
		1440281F210EF9A6005786C8 /* LocalNotificationTests.m in Sources */ = {isa = PBXBuildFile; fileRef = 1440281E210EF9A6005786C8 /* LocalNotificationTests.m */; };
		1440282A210EF9A6005786C8 /* LocalNotificationUITests.m in Sources */ = {isa = PBXBuildFile; fileRef = 14402829210EF9A6005786C8 /* LocalNotificationUITests.m */; };
		14402839210EF9D7005786C8 /* TestViewController.m in Sources */ = {isa = PBXBuildFile; fileRef = 14402838210EF9D7005786C8 /* TestViewController.m */; };
		1440283C210EFA25005786C8 /* LocalNotificationCenter.m in Sources */ = {isa = PBXBuildFile; fileRef = 1440283B210EFA25005786C8 /* LocalNotificationCenter.m */; };
/* End PBXBuildFile section */

/* Begin PBXContainerItemProxy section */
		1440281B210EF9A6005786C8 /* PBXContainerItemProxy */ = {
			isa = PBXContainerItemProxy;
			containerPortal = 144027FA210EF9A5005786C8 /* Project object */;
			proxyType = 1;
			remoteGlobalIDString = 14402801210EF9A5005786C8;
			remoteInfo = LocalNotification;
		};
		14402826210EF9A6005786C8 /* PBXContainerItemProxy */ = {
			isa = PBXContainerItemProxy;
			containerPortal = 144027FA210EF9A5005786C8 /* Project object */;
			proxyType = 1;
			remoteGlobalIDString = 14402801210EF9A5005786C8;
			remoteInfo = LocalNotification;
		};
/* End PBXContainerItemProxy section */

/* Begin PBXFileReference section */
		14402802210EF9A5005786C8 /* LocalNotification.app */ = {isa = PBXFileReference; explicitFileType = wrapper.application; includeInIndex = 0; path = LocalNotification.app; sourceTree = BUILT_PRODUCTS_DIR; };
		14402805210EF9A5005786C8 /* AppDelegate.h */ = {isa = PBXFileReference; lastKnownFileType = sourcecode.c.h; path = AppDelegate.h; sourceTree = "<group>"; };
		14402806210EF9A5005786C8 /* AppDelegate.m */ = {isa = PBXFileReference; lastKnownFileType = sourcecode.c.objc; path = AppDelegate.m; sourceTree = "<group>"; };
		1440280E210EF9A5005786C8 /* Assets.xcassets */ = {isa = PBXFileReference; lastKnownFileType = folder.assetcatalog; path = Assets.xcassets; sourceTree = "<group>"; };
		14402813210EF9A5005786C8 /* Info.plist */ = {isa = PBXFileReference; lastKnownFileType = text.plist.xml; path = Info.plist; sourceTree = "<group>"; };
		14402814210EF9A5005786C8 /* main.m */ = {isa = PBXFileReference; lastKnownFileType = sourcecode.c.objc; path = main.m; sourceTree = "<group>"; };
		1440281A210EF9A6005786C8 /* LocalNotificationTests.xctest */ = {isa = PBXFileReference; explicitFileType = wrapper.cfbundle; includeInIndex = 0; path = LocalNotificationTests.xctest; sourceTree = BUILT_PRODUCTS_DIR; };
		1440281E210EF9A6005786C8 /* LocalNotificationTests.m */ = {isa = PBXFileReference; lastKnownFileType = sourcecode.c.objc; path = LocalNotificationTests.m; sourceTree = "<group>"; };
		14402820210EF9A6005786C8 /* Info.plist */ = {isa = PBXFileReference; lastKnownFileType = text.plist.xml; path = Info.plist; sourceTree = "<group>"; };
		14402825210EF9A6005786C8 /* LocalNotificationUITests.xctest */ = {isa = PBXFileReference; explicitFileType = wrapper.cfbundle; includeInIndex = 0; path = LocalNotificationUITests.xctest; sourceTree = BUILT_PRODUCTS_DIR; };
		14402829210EF9A6005786C8 /* LocalNotificationUITests.m */ = {isa = PBXFileReference; lastKnownFileType = sourcecode.c.objc; path = LocalNotificationUITests.m; sourceTree = "<group>"; };
		1440282B210EF9A6005786C8 /* Info.plist */ = {isa = PBXFileReference; lastKnownFileType = text.plist.xml; path = Info.plist; sourceTree = "<group>"; };
		14402837210EF9D7005786C8 /* TestViewController.h */ = {isa = PBXFileReference; fileEncoding = 4; lastKnownFileType = sourcecode.c.h; path = TestViewController.h; sourceTree = "<group>"; };
		14402838210EF9D7005786C8 /* TestViewController.m */ = {isa = PBXFileReference; fileEncoding = 4; lastKnownFileType = sourcecode.c.objc; path = TestViewController.m; sourceTree = "<group>"; };
		1440283A210EFA25005786C8 /* LocalNotificationCenter.h */ = {isa = PBXFileReference; lastKnownFileType = sourcecode.c.h; path = LocalNotificationCenter.h; sourceTree = "<group>"; };
		1440283B210EFA25005786C8 /* LocalNotificationCenter.m */ = {isa = PBXFileReference; lastKnownFileType = sourcecode.c.objc; path = LocalNotificationCenter.m; sourceTree = "<group>"; };
/* End PBXFileReference section */

/* Begin PBXFrameworksBuildPhase section */
		144027FF210EF9A5005786C8 /* Frameworks */ = {
			isa = PBXFrameworksBuildPhase;
			buildActionMask = 2147483647;
			files = (
			);
			runOnlyForDeploymentPostprocessing = 0;
		};
		14402817210EF9A6005786C8 /* Frameworks */ = {
			isa = PBXFrameworksBuildPhase;
			buildActionMask = 2147483647;
			files = (
			);
			runOnlyForDeploymentPostprocessing = 0;
		};
		14402822210EF9A6005786C8 /* Frameworks */ = {
			isa = PBXFrameworksBuildPhase;
			buildActionMask = 2147483647;
			files = (
			);
			runOnlyForDeploymentPostprocessing = 0;
		};
/* End PBXFrameworksBuildPhase section */

/* Begin PBXGroup section */
		144027F9210EF9A5005786C8 = {
			isa = PBXGroup;
			children = (
				14402804210EF9A5005786C8 /* LocalNotification */,
				1440281D210EF9A6005786C8 /* LocalNotificationTests */,
				14402828210EF9A6005786C8 /* LocalNotificationUITests */,
				14402803210EF9A5005786C8 /* Products */,
			);
			sourceTree = "<group>";
		};
		14402803210EF9A5005786C8 /* Products */ = {
			isa = PBXGroup;
			children = (
				14402802210EF9A5005786C8 /* LocalNotification.app */,
				1440281A210EF9A6005786C8 /* LocalNotificationTests.xctest */,
				14402825210EF9A6005786C8 /* LocalNotificationUITests.xctest */,
			);
			name = Products;
			sourceTree = "<group>";
		};
		14402804210EF9A5005786C8 /* LocalNotification */ = {
			isa = PBXGroup;
			children = (
				1440283A210EFA25005786C8 /* LocalNotificationCenter.h */,
				1440283B210EFA25005786C8 /* LocalNotificationCenter.m */,
				14402837210EF9D7005786C8 /* TestViewController.h */,
				14402838210EF9D7005786C8 /* TestViewController.m */,
				14402805210EF9A5005786C8 /* AppDelegate.h */,
				14402806210EF9A5005786C8 /* AppDelegate.m */,
				1440280E210EF9A5005786C8 /* Assets.xcassets */,
				14402813210EF9A5005786C8 /* Info.plist */,
				14402814210EF9A5005786C8 /* main.m */,
			);
			path = LocalNotification;
			sourceTree = "<group>";
		};
		1440281D210EF9A6005786C8 /* LocalNotificationTests */ = {
			isa = PBXGroup;
			children = (
				1440281E210EF9A6005786C8 /* LocalNotificationTests.m */,
				14402820210EF9A6005786C8 /* Info.plist */,
			);
			path = LocalNotificationTests;
			sourceTree = "<group>";
		};
		14402828210EF9A6005786C8 /* LocalNotificationUITests */ = {
			isa = PBXGroup;
			children = (
				14402829210EF9A6005786C8 /* LocalNotificationUITests.m */,
				1440282B210EF9A6005786C8 /* Info.plist */,
			);
			path = LocalNotificationUITests;
			sourceTree = "<group>";
		};
/* End PBXGroup section */

/* Begin PBXNativeTarget section */
		14402801210EF9A5005786C8 /* LocalNotification */ = {
			isa = PBXNativeTarget;
			buildConfigurationList = 1440282E210EF9A6005786C8 /* Build configuration list for PBXNativeTarget "LocalNotification" */;
			buildPhases = (
				144027FE210EF9A5005786C8 /* Sources */,
				144027FF210EF9A5005786C8 /* Frameworks */,
				14402800210EF9A5005786C8 /* Resources */,
			);
			buildRules = (
			);
			dependencies = (
			);
			name = LocalNotification;
			productName = LocalNotification;
			productReference = 14402802210EF9A5005786C8 /* LocalNotification.app */;
			productType = "com.apple.product-type.application";
		};
		14402819210EF9A6005786C8 /* LocalNotificationTests */ = {
			isa = PBXNativeTarget;
			buildConfigurationList = 14402831210EF9A6005786C8 /* Build configuration list for PBXNativeTarget "LocalNotificationTests" */;
			buildPhases = (
				14402816210EF9A6005786C8 /* Sources */,
				14402817210EF9A6005786C8 /* Frameworks */,
				14402818210EF9A6005786C8 /* Resources */,
			);
			buildRules = (
			);
			dependencies = (
				1440281C210EF9A6005786C8 /* PBXTargetDependency */,
			);
			name = LocalNotificationTests;
			productName = LocalNotificationTests;
			productReference = 1440281A210EF9A6005786C8 /* LocalNotificationTests.xctest */;
			productType = "com.apple.product-type.bundle.unit-test";
		};
		14402824210EF9A6005786C8 /* LocalNotificationUITests */ = {
			isa = PBXNativeTarget;
			buildConfigurationList = 14402834210EF9A6005786C8 /* Build configuration list for PBXNativeTarget "LocalNotificationUITests" */;
			buildPhases = (
				14402821210EF9A6005786C8 /* Sources */,
				14402822210EF9A6005786C8 /* Frameworks */,
				14402823210EF9A6005786C8 /* Resources */,
			);
			buildRules = (
			);
			dependencies = (
				14402827210EF9A6005786C8 /* PBXTargetDependency */,
			);
			name = LocalNotificationUITests;
			productName = LocalNotificationUITests;
			productReference = 14402825210EF9A6005786C8 /* LocalNotificationUITests.xctest */;
			productType = "com.apple.product-type.bundle.ui-testing";
		};
/* End PBXNativeTarget section */

/* Begin PBXProject section */
		144027FA210EF9A5005786C8 /* Project object */ = {
			isa = PBXProject;
			attributes = {
				LastUpgradeCheck = 0920;
				ORGANIZATIONNAME = "Beijing Youjiu Network";
				TargetAttributes = {
					14402801210EF9A5005786C8 = {
						CreatedOnToolsVersion = 9.2;
						ProvisioningStyle = Automatic;
					};
					14402819210EF9A6005786C8 = {
						CreatedOnToolsVersion = 9.2;
						ProvisioningStyle = Automatic;
						TestTargetID = 14402801210EF9A5005786C8;
					};
					14402824210EF9A6005786C8 = {
						CreatedOnToolsVersion = 9.2;
						ProvisioningStyle = Automatic;
						TestTargetID = 14402801210EF9A5005786C8;
					};
				};
			};
			buildConfigurationList = 144027FD210EF9A5005786C8 /* Build configuration list for PBXProject "LocalNotification" */;
			compatibilityVersion = "Xcode 8.0";
			developmentRegion = en;
			hasScannedForEncodings = 0;
			knownRegions = (
				en,
				Base,
			);
			mainGroup = 144027F9210EF9A5005786C8;
			productRefGroup = 14402803210EF9A5005786C8 /* Products */;
			projectDirPath = "";
			projectRoot = "";
			targets = (
				14402801210EF9A5005786C8 /* LocalNotification */,
				14402819210EF9A6005786C8 /* LocalNotificationTests */,
				14402824210EF9A6005786C8 /* LocalNotificationUITests */,
			);
		};
/* End PBXProject section */

/* Begin PBXResourcesBuildPhase section */
		14402800210EF9A5005786C8 /* Resources */ = {
			isa = PBXResourcesBuildPhase;
			buildActionMask = 2147483647;
			files = (
				1440280F210EF9A5005786C8 /* Assets.xcassets in Resources */,
			);
			runOnlyForDeploymentPostprocessing = 0;
		};
		14402818210EF9A6005786C8 /* Resources */ = {
			isa = PBXResourcesBuildPhase;
			buildActionMask = 2147483647;
			files = (
			);
			runOnlyForDeploymentPostprocessing = 0;
		};
		14402823210EF9A6005786C8 /* Resources */ = {
			isa = PBXResourcesBuildPhase;
			buildActionMask = 2147483647;
			files = (
			);
			runOnlyForDeploymentPostprocessing = 0;
		};
/* End PBXResourcesBuildPhase section */

/* Begin PBXSourcesBuildPhase section */
		144027FE210EF9A5005786C8 /* Sources */ = {
			isa = PBXSourcesBuildPhase;
			buildActionMask = 2147483647;
			files = (
				14402839210EF9D7005786C8 /* TestViewController.m in Sources */,
				14402815210EF9A5005786C8 /* main.m in Sources */,
				14402807210EF9A5005786C8 /* AppDelegate.m in Sources */,
				1440283C210EFA25005786C8 /* LocalNotificationCenter.m in Sources */,
			);
			runOnlyForDeploymentPostprocessing = 0;
		};
		14402816210EF9A6005786C8 /* Sources */ = {
			isa = PBXSourcesBuildPhase;
			buildActionMask = 2147483647;
			files = (
				1440281F210EF9A6005786C8 /* LocalNotificationTests.m in Sources */,
			);
			runOnlyForDeploymentPostprocessing = 0;
		};
		14402821210EF9A6005786C8 /* Sources */ = {
			isa = PBXSourcesBuildPhase;
			buildActionMask = 2147483647;
			files = (
				1440282A210EF9A6005786C8 /* LocalNotificationUITests.m in Sources */,
			);
			runOnlyForDeploymentPostprocessing = 0;
		};
/* End PBXSourcesBuildPhase section */

/* Begin PBXTargetDependency section */
		1440281C210EF9A6005786C8 /* PBXTargetDependency */ = {
			isa = PBXTargetDependency;
			target = 14402801210EF9A5005786C8 /* LocalNotification */;
			targetProxy = 1440281B210EF9A6005786C8 /* PBXContainerItemProxy */;
		};
		14402827210EF9A6005786C8 /* PBXTargetDependency */ = {
			isa = PBXTargetDependency;
			target = 14402801210EF9A5005786C8 /* LocalNotification */;
			targetProxy = 14402826210EF9A6005786C8 /* PBXContainerItemProxy */;
		};
/* End PBXTargetDependency section */

/* Begin XCBuildConfiguration section */
		1440282C210EF9A6005786C8 /* Debug */ = {
			isa = XCBuildConfiguration;
			buildSettings = {
				ALWAYS_SEARCH_USER_PATHS = NO;
				CLANG_ANALYZER_NONNULL = YES;
				CLANG_ANALYZER_NUMBER_OBJECT_CONVERSION = YES_AGGRESSIVE;
				CLANG_CXX_LANGUAGE_STANDARD = "gnu++14";
				CLANG_CXX_LIBRARY = "libc++";
				CLANG_ENABLE_MODULES = YES;
				CLANG_ENABLE_OBJC_ARC = YES;
				CLANG_WARN_BLOCK_CAPTURE_AUTORELEASING = YES;
				CLANG_WARN_BOOL_CONVERSION = YES;
				CLANG_WARN_COMMA = YES;
				CLANG_WARN_CONSTANT_CONVERSION = YES;
				CLANG_WARN_DIRECT_OBJC_ISA_USAGE = YES_ERROR;
				CLANG_WARN_DOCUMENTATION_COMMENTS = YES;
				CLANG_WARN_EMPTY_BODY = YES;
				CLANG_WARN_ENUM_CONVERSION = YES;
				CLANG_WARN_INFINITE_RECURSION = YES;
				CLANG_WARN_INT_CONVERSION = YES;
				CLANG_WARN_NON_LITERAL_NULL_CONVERSION = YES;
				CLANG_WARN_OBJC_LITERAL_CONVERSION = YES;
				CLANG_WARN_OBJC_ROOT_CLASS = YES_ERROR;
				CLANG_WARN_RANGE_LOOP_ANALYSIS = YES;
				CLANG_WARN_STRICT_PROTOTYPES = YES;
				CLANG_WARN_SUSPICIOUS_MOVE = YES;
				CLANG_WARN_UNGUARDED_AVAILABILITY = YES_AGGRESSIVE;
				CLANG_WARN_UNREACHABLE_CODE = YES;
				CLANG_WARN__DUPLICATE_METHOD_MATCH = YES;
				CODE_SIGN_IDENTITY = "iPhone Developer";
				COPY_PHASE_STRIP = NO;
				DEBUG_INFORMATION_FORMAT = dwarf;
				ENABLE_STRICT_OBJC_MSGSEND = YES;
				ENABLE_TESTABILITY = YES;
				GCC_C_LANGUAGE_STANDARD = gnu11;
				GCC_DYNAMIC_NO_PIC = NO;
				GCC_NO_COMMON_BLOCKS = YES;
				GCC_OPTIMIZATION_LEVEL = 0;
				GCC_PREPROCESSOR_DEFINITIONS = (
					"DEBUG=1",
					"$(inherited)",
				);
				GCC_WARN_64_TO_32_BIT_CONVERSION = YES;
				GCC_WARN_ABOUT_RETURN_TYPE = YES_ERROR;
				GCC_WARN_UNDECLARED_SELECTOR = YES;
				GCC_WARN_UNINITIALIZED_AUTOS = YES_AGGRESSIVE;
				GCC_WARN_UNUSED_FUNCTION = YES;
				GCC_WARN_UNUSED_VARIABLE = YES;
				IPHONEOS_DEPLOYMENT_TARGET = 11.2;
				MTL_ENABLE_DEBUG_INFO = YES;
				ONLY_ACTIVE_ARCH = YES;
				SDKROOT = iphoneos;
			};
			name = Debug;
		};
		1440282D210EF9A6005786C8 /* Release */ = {
			isa = XCBuildConfiguration;
			buildSettings = {
				ALWAYS_SEARCH_USER_PATHS = NO;
				CLANG_ANALYZER_NONNULL = YES;
				CLANG_ANALYZER_NUMBER_OBJECT_CONVERSION = YES_AGGRESSIVE;
				CLANG_CXX_LANGUAGE_STANDARD = "gnu++14";
				CLANG_CXX_LIBRARY = "libc++";
				CLANG_ENABLE_MODULES = YES;
				CLANG_ENABLE_OBJC_ARC = YES;
				CLANG_WARN_BLOCK_CAPTURE_AUTORELEASING = YES;
				CLANG_WARN_BOOL_CONVERSION = YES;
				CLANG_WARN_COMMA = YES;
				CLANG_WARN_CONSTANT_CONVERSION = YES;
				CLANG_WARN_DIRECT_OBJC_ISA_USAGE = YES_ERROR;
				CLANG_WARN_DOCUMENTATION_COMMENTS = YES;
				CLANG_WARN_EMPTY_BODY = YES;
				CLANG_WARN_ENUM_CONVERSION = YES;
				CLANG_WARN_INFINITE_RECURSION = YES;
				CLANG_WARN_INT_CONVERSION = YES;
				CLANG_WARN_NON_LITERAL_NULL_CONVERSION = YES;
				CLANG_WARN_OBJC_LITERAL_CONVERSION = YES;
				CLANG_WARN_OBJC_ROOT_CLASS = YES_ERROR;
				CLANG_WARN_RANGE_LOOP_ANALYSIS = YES;
				CLANG_WARN_STRICT_PROTOTYPES = YES;
				CLANG_WARN_SUSPICIOUS_MOVE = YES;
				CLANG_WARN_UNGUARDED_AVAILABILITY = YES_AGGRESSIVE;
				CLANG_WARN_UNREACHABLE_CODE = YES;
				CLANG_WARN__DUPLICATE_METHOD_MATCH = YES;
				CODE_SIGN_IDENTITY = "iPhone Developer";
				COPY_PHASE_STRIP = NO;
				DEBUG_INFORMATION_FORMAT = "dwarf-with-dsym";
				ENABLE_NS_ASSERTIONS = NO;
				ENABLE_STRICT_OBJC_MSGSEND = YES;
				GCC_C_LANGUAGE_STANDARD = gnu11;
				GCC_NO_COMMON_BLOCKS = YES;
				GCC_WARN_64_TO_32_BIT_CONVERSION = YES;
				GCC_WARN_ABOUT_RETURN_TYPE = YES_ERROR;
				GCC_WARN_UNDECLARED_SELECTOR = YES;
				GCC_WARN_UNINITIALIZED_AUTOS = YES_AGGRESSIVE;
				GCC_WARN_UNUSED_FUNCTION = YES;
				GCC_WARN_UNUSED_VARIABLE = YES;
				IPHONEOS_DEPLOYMENT_TARGET = 11.2;
				MTL_ENABLE_DEBUG_INFO = NO;
				SDKROOT = iphoneos;
				VALIDATE_PRODUCT = YES;
			};
			name = Release;
		};
		1440282F210EF9A6005786C8 /* Debug */ = {
			isa = XCBuildConfiguration;
			buildSettings = {
				ASSETCATALOG_COMPILER_APPICON_NAME = AppIcon;
				CODE_SIGN_STYLE = Automatic;
				DEVELOPMENT_TEAM = B944ZL6U2E;
				INFOPLIST_FILE = LocalNotification/Info.plist;
				IPHONEOS_DEPLOYMENT_TARGET = 8.2;
				LD_RUNPATH_SEARCH_PATHS = "$(inherited) @executable_path/Frameworks";
				PRODUCT_BUNDLE_IDENTIFIER = com.5iu9.u9.LocalNotification;
				PRODUCT_NAME = "$(TARGET_NAME)";
				TARGETED_DEVICE_FAMILY = "1,2";
			};
			name = Debug;
		};
		14402830210EF9A6005786C8 /* Release */ = {
			isa = XCBuildConfiguration;
			buildSettings = {
				ASSETCATALOG_COMPILER_APPICON_NAME = AppIcon;
				CODE_SIGN_STYLE = Automatic;
				DEVELOPMENT_TEAM = B944ZL6U2E;
				INFOPLIST_FILE = LocalNotification/Info.plist;
				IPHONEOS_DEPLOYMENT_TARGET = 8.2;
				LD_RUNPATH_SEARCH_PATHS = "$(inherited) @executable_path/Frameworks";
				PRODUCT_BUNDLE_IDENTIFIER = com.5iu9.u9.LocalNotification;
				PRODUCT_NAME = "$(TARGET_NAME)";
				TARGETED_DEVICE_FAMILY = "1,2";
			};
			name = Release;
		};
		14402832210EF9A6005786C8 /* Debug */ = {
			isa = XCBuildConfiguration;
			buildSettings = {
				BUNDLE_LOADER = "$(TEST_HOST)";
				CODE_SIGN_STYLE = Automatic;
				INFOPLIST_FILE = LocalNotificationTests/Info.plist;
				LD_RUNPATH_SEARCH_PATHS = "$(inherited) @executable_path/Frameworks @loader_path/Frameworks";
				PRODUCT_BUNDLE_IDENTIFIER = com.5iu9.u9.LocalNotificationTests;
				PRODUCT_NAME = "$(TARGET_NAME)";
				TARGETED_DEVICE_FAMILY = "1,2";
				TEST_HOST = "$(BUILT_PRODUCTS_DIR)/LocalNotification.app/LocalNotification";
			};
			name = Debug;
		};
		14402833210EF9A6005786C8 /* Release */ = {
			isa = XCBuildConfiguration;
			buildSettings = {
				BUNDLE_LOADER = "$(TEST_HOST)";
				CODE_SIGN_STYLE = Automatic;
				INFOPLIST_FILE = LocalNotificationTests/Info.plist;
				LD_RUNPATH_SEARCH_PATHS = "$(inherited) @executable_path/Frameworks @loader_path/Frameworks";
				PRODUCT_BUNDLE_IDENTIFIER = com.5iu9.u9.LocalNotificationTests;
				PRODUCT_NAME = "$(TARGET_NAME)";
				TARGETED_DEVICE_FAMILY = "1,2";
				TEST_HOST = "$(BUILT_PRODUCTS_DIR)/LocalNotification.app/LocalNotification";
			};
			name = Release;
		};
		14402835210EF9A6005786C8 /* Debug */ = {
			isa = XCBuildConfiguration;
			buildSettings = {
				CODE_SIGN_STYLE = Automatic;
				INFOPLIST_FILE = LocalNotificationUITests/Info.plist;
				LD_RUNPATH_SEARCH_PATHS = "$(inherited) @executable_path/Frameworks @loader_path/Frameworks";
				PRODUCT_BUNDLE_IDENTIFIER = com.5iu9.u9.LocalNotificationUITests;
				PRODUCT_NAME = "$(TARGET_NAME)";
				TARGETED_DEVICE_FAMILY = "1,2";
				TEST_TARGET_NAME = LocalNotification;
			};
			name = Debug;
		};
		14402836210EF9A6005786C8 /* Release */ = {
			isa = XCBuildConfiguration;
			buildSettings = {
				CODE_SIGN_STYLE = Automatic;
				INFOPLIST_FILE = LocalNotificationUITests/Info.plist;
				LD_RUNPATH_SEARCH_PATHS = "$(inherited) @executable_path/Frameworks @loader_path/Frameworks";
				PRODUCT_BUNDLE_IDENTIFIER = com.5iu9.u9.LocalNotificationUITests;
				PRODUCT_NAME = "$(TARGET_NAME)";
				TARGETED_DEVICE_FAMILY = "1,2";
				TEST_TARGET_NAME = LocalNotification;
			};
			name = Release;
		};
/* End XCBuildConfiguration section */

/* Begin XCConfigurationList section */
		144027FD210EF9A5005786C8 /* Build configuration list for PBXProject "LocalNotification" */ = {
			isa = XCConfigurationList;
			buildConfigurations = (
				1440282C210EF9A6005786C8 /* Debug */,
				1440282D210EF9A6005786C8 /* Release */,
			);
			defaultConfigurationIsVisible = 0;
			defaultConfigurationName = Release;
		};
		1440282E210EF9A6005786C8 /* Build configuration list for PBXNativeTarget "LocalNotification" */ = {
			isa = XCConfigurationList;
			buildConfigurations = (
				1440282F210EF9A6005786C8 /* Debug */,
				14402830210EF9A6005786C8 /* Release */,
			);
			defaultConfigurationIsVisible = 0;
			defaultConfigurationName = Release;
		};
		14402831210EF9A6005786C8 /* Build configuration list for PBXNativeTarget "LocalNotificationTests" */ = {
			isa = XCConfigurationList;
			buildConfigurations = (
				14402832210EF9A6005786C8 /* Debug */,
				14402833210EF9A6005786C8 /* Release */,
			);
			defaultConfigurationIsVisible = 0;
			defaultConfigurationName = Release;
		};
		14402834210EF9A6005786C8 /* Build configuration list for PBXNativeTarget "LocalNotificationUITests" */ = {
			isa = XCConfigurationList;
			buildConfigurations = (
				14402835210EF9A6005786C8 /* Debug */,
				14402836210EF9A6005786C8 /* Release */,
			);
			defaultConfigurationIsVisible = 0;
			defaultConfigurationName = Release;
		};
/* End XCConfigurationList section */
	};
	rootObject = 144027FA210EF9A5005786C8 /* Project object */;
}
